
Microsoft Visual Studio Solution File, Format Version 12.00
# Visual Studio Version 16
VisualStudioVersion = 16.0.31729.503
MinimumVisualStudioVersion = 10.0.40219.1
Project("{FAE04EC0-301F-11D3-BF4B-00C04F79EFBC}") = "EStocks", "EStocks\EStocks.csproj", "{27C93914-F313-4F5B-A584-968D33580231}"
EndProject
Project("{FAE04EC0-301F-11D3-BF4B-00C04F79EFBC}") = "EStocksService", "EStocksService\EStocksService.csproj", "{590D373F-343E-4111-953D-7D107E041698}"
EndProject
Global
	GlobalSection(SolutionConfigurationPlatforms) = preSolution
		Debug|Any CPU = Debug|Any CPU
		Release|Any CPU = Release|Any CPU
	EndGlobalSection
	GlobalSection(ProjectConfigurationPlatforms) = postSolution
		{27C93914-F313-4F5B-A584-968D33580231}.Debug|Any CPU.ActiveCfg = Debug|Any CPU
		{27C93914-F313-4F5B-A584-968D33580231}.Debug|Any CPU.Build.0 = Debug|Any CPU
		{27C93914-F313-4F5B-A584-968D33580231}.Release|Any CPU.ActiveCfg = Release|Any CPU
		{27C93914-F313-4F5B-A584-968D33580231}.Release|Any CPU.Build.0 = Release|Any CPU
		{590D373F-343E-4111-953D-7D107E041698}.Debug|Any CPU.ActiveCfg = Debug|Any CPU
		{590D373F-343E-4111-953D-7D107E041698}.Debug|Any CPU.Build.0 = Debug|Any CPU
		{590D373F-343E-4111-953D-7D107E041698}.Release|Any CPU.ActiveCfg = Release|Any CPU
		{590D373F-343E-4111-953D-7D107E041698}.Release|Any CPU.Build.0 = Release|Any CPU
	EndGlobalSection
	GlobalSection(SolutionProperties) = preSolution
		HideSolutionNode = FALSE
	EndGlobalSection
	GlobalSection(ExtensibilityGlobals) = postSolution
		SolutionGuid = {528EEC41-E13D-4B96-ADFA-E1B2EBA66D03}
	EndGlobalSection
EndGlobal
